
Microsoft Visual Studio Solution File, Format Version 12.00
# Visual Studio 15
VisualStudioVersion = 15.0.28307.779
MinimumVisualStudioVersion = 10.0.40219.1
Project("{FAE04EC0-301F-11D3-BF4B-00C04F79EFBC}") = "Zad1", "Zad1\Zad1.csproj", "{C669BEED-DB36-462A-BF07-3741443F62CA}"
EndProject
Global
	GlobalSection(SolutionConfigurationPlatforms) = preSolution
		Debug|Any CPU = Debug|Any CPU
		Release|Any CPU = Release|Any CPU
	EndGlobalSection
	GlobalSection(ProjectConfigurationPlatforms) = postSolution
		{C669BEED-DB36-462A-BF07-3741443F62CA}.Debug|Any CPU.ActiveCfg = Debug|Any CPU
		{C669BEED-DB36-462A-BF07-3741443F62CA}.Debug|Any CPU.Build.0 = Debug|Any CPU
		{C669BEED-DB36-462A-BF07-3741443F62CA}.Release|Any CPU.ActiveCfg = Release|Any CPU
		{C669BEED-DB36-462A-BF07-3741443F62CA}.Release|Any CPU.Build.0 = Release|Any CPU
	EndGlobalSection
	GlobalSection(SolutionProperties) = preSolution
		HideSolutionNode = FALSE
	EndGlobalSection
	GlobalSection(ExtensibilityGlobals) = postSolution
		SolutionGuid = {6C2E013F-3A1A-41A6-B922-639F8E20D2EC}
	EndGlobalSection
EndGlobal
